
Microsoft Visual Studio Solution File, Format Version 12.00
# Visual Studio Version 17
VisualStudioVersion = 17.5.33424.131
MinimumVisualStudioVersion = 10.0.40219.1
Project("{8BC9CEB8-8B4A-11D0-8D11-00A0C91BC942}") = "ioFile", "ioFile\ioFile.vcxproj", "{C1822590-AAB8-4DDF-BD36-6706D2D6E796}"
EndProject
Project("{8BC9CEB8-8B4A-11D0-8D11-00A0C91BC942}") = "ioFileWithPath", "ioFileWithPath\ioFileWithPath.vcxproj", "{1F442F88-DD87-4AAC-8775-530C2C8F8246}"
EndProject
Project("{8BC9CEB8-8B4A-11D0-8D11-00A0C91BC942}") = "manualExeption", "manualExeption\manualExeption.vcxproj", "{B9C10E95-516A-4675-8F7B-A9C84FF0D8A3}"
EndProject
Global
	GlobalSection(SolutionConfigurationPlatforms) = preSolution
		Debug|x64 = Debug|x64
		Debug|x86 = Debug|x86
		Release|x64 = Release|x64
		Release|x86 = Release|x86
	EndGlobalSection
	GlobalSection(ProjectConfigurationPlatforms) = postSolution
		{C1822590-AAB8-4DDF-BD36-6706D2D6E796}.Debug|x64.ActiveCfg = Debug|x64
		{C1822590-AAB8-4DDF-BD36-6706D2D6E796}.Debug|x64.Build.0 = Debug|x64
		{C1822590-AAB8-4DDF-BD36-6706D2D6E796}.Debug|x86.ActiveCfg = Debug|Win32
		{C1822590-AAB8-4DDF-BD36-6706D2D6E796}.Debug|x86.Build.0 = Debug|Win32
		{C1822590-AAB8-4DDF-BD36-6706D2D6E796}.Release|x64.ActiveCfg = Release|x64
		{C1822590-AAB8-4DDF-BD36-6706D2D6E796}.Release|x64.Build.0 = Release|x64
		{C1822590-AAB8-4DDF-BD36-6706D2D6E796}.Release|x86.ActiveCfg = Release|Win32
		{C1822590-AAB8-4DDF-BD36-6706D2D6E796}.Release|x86.Build.0 = Release|Win32
		{1F442F88-DD87-4AAC-8775-530C2C8F8246}.Debug|x64.ActiveCfg = Debug|x64
		{1F442F88-DD87-4AAC-8775-530C2C8F8246}.Debug|x64.Build.0 = Debug|x64
		{1F442F88-DD87-4AAC-8775-530C2C8F8246}.Debug|x86.ActiveCfg = Debug|Win32
		{1F442F88-DD87-4AAC-8775-530C2C8F8246}.Debug|x86.Build.0 = Debug|Win32
		{1F442F88-DD87-4AAC-8775-530C2C8F8246}.Release|x64.ActiveCfg = Release|x64
		{1F442F88-DD87-4AAC-8775-530C2C8F8246}.Release|x64.Build.0 = Release|x64
		{1F442F88-DD87-4AAC-8775-530C2C8F8246}.Release|x86.ActiveCfg = Release|Win32
		{1F442F88-DD87-4AAC-8775-530C2C8F8246}.Release|x86.Build.0 = Release|Win32
		{B9C10E95-516A-4675-8F7B-A9C84FF0D8A3}.Debug|x64.ActiveCfg = Debug|x64
		{B9C10E95-516A-4675-8F7B-A9C84FF0D8A3}.Debug|x64.Build.0 = Debug|x64
		{B9C10E95-516A-4675-8F7B-A9C84FF0D8A3}.Debug|x86.ActiveCfg = Debug|Win32
		{B9C10E95-516A-4675-8F7B-A9C84FF0D8A3}.Debug|x86.Build.0 = Debug|Win32
		{B9C10E95-516A-4675-8F7B-A9C84FF0D8A3}.Release|x64.ActiveCfg = Release|x64
		{B9C10E95-516A-4675-8F7B-A9C84FF0D8A3}.Release|x64.Build.0 = Release|x64
		{B9C10E95-516A-4675-8F7B-A9C84FF0D8A3}.Release|x86.ActiveCfg = Release|Win32
		{B9C10E95-516A-4675-8F7B-A9C84FF0D8A3}.Release|x86.Build.0 = Release|Win32
	EndGlobalSection
	GlobalSection(SolutionProperties) = preSolution
		HideSolutionNode = FALSE
	EndGlobalSection
	GlobalSection(ExtensibilityGlobals) = postSolution
		SolutionGuid = {63BE2E77-4E4B-49B9-AC03-C5A1647966C5}
	EndGlobalSection
EndGlobal
